
Microsoft Visual Studio Solution File, Format Version 12.00
Project("{FAE04EC0-301F-11D3-BF4B-00C04F79EFBC}") = "VarletUi", "VarletUi\VarletUi.csproj", "{93DFD29D-86D7-4B7D-A962-E75A07ECFDC6}"
EndProject
Project("{D954291E-2A0B-460D-934E-DC6B0785DB48}") = "Variety", "Variety\Variety.shproj", "{7BC90BD9-A3BD-4469-9C2E-EF6701853DBE}"
EndProject
Project("{FAE04EC0-301F-11D3-BF4B-00C04F79EFBC}") = "VarletCli", "VarletCli\VarletCli.csproj", "{13084EA7-1C50-411A-9AEA-EBAA5B758180}"
EndProject
Global
	GlobalSection(SolutionConfigurationPlatforms) = preSolution
		Debug|Any CPU = Debug|Any CPU
		Release|Any CPU = Release|Any CPU
	EndGlobalSection
	GlobalSection(ProjectConfigurationPlatforms) = postSolution
		{93DFD29D-86D7-4B7D-A962-E75A07ECFDC6}.Debug|Any CPU.ActiveCfg = Debug|Any CPU
		{93DFD29D-86D7-4B7D-A962-E75A07ECFDC6}.Debug|Any CPU.Build.0 = Debug|Any CPU
		{93DFD29D-86D7-4B7D-A962-E75A07ECFDC6}.Release|Any CPU.ActiveCfg = Release|Any CPU
		{93DFD29D-86D7-4B7D-A962-E75A07ECFDC6}.Release|Any CPU.Build.0 = Release|Any CPU
		{13084EA7-1C50-411A-9AEA-EBAA5B758180}.Debug|Any CPU.ActiveCfg = Debug|Any CPU
		{13084EA7-1C50-411A-9AEA-EBAA5B758180}.Debug|Any CPU.Build.0 = Debug|Any CPU
		{13084EA7-1C50-411A-9AEA-EBAA5B758180}.Release|Any CPU.ActiveCfg = Release|Any CPU
		{13084EA7-1C50-411A-9AEA-EBAA5B758180}.Release|Any CPU.Build.0 = Release|Any CPU
	EndGlobalSection
EndGlobal
