
Microsoft Visual Studio Solution File, Format Version 12.00
# Visual Studio Version 16
VisualStudioVersion = 16.0.29519.87
MinimumVisualStudioVersion = 10.0.40219.1
Project("{FAE04EC0-301F-11D3-BF4B-00C04F79EFBC}") = "VarletUi", "VarletUi\VarletUi.csproj", "{AB23566F-7553-4F2D-9101-82C32FFC050F}"
EndProject
Project("{D954291E-2A0B-460D-934E-DC6B0785DB48}") = "VarletCore", "VarletCore\VarletCore.shproj", "{19058EBA-586B-4277-A735-F7A2C8BE34B6}"
EndProject
Project("{FAE04EC0-301F-11D3-BF4B-00C04F79EFBC}") = "VarletCli", "VarletCli\VarletCli.csproj", "{683CF41B-262B-4EF3-81C3-EF879BDF423A}"
EndProject
Global
	GlobalSection(SharedMSBuildProjectFiles) = preSolution
		VarletCore\VarletCore.projitems*{19058eba-586b-4277-a735-f7a2c8be34b6}*SharedItemsImports = 13
	EndGlobalSection
	GlobalSection(SolutionConfigurationPlatforms) = preSolution
		Debug|Any CPU = Debug|Any CPU
		Release|Any CPU = Release|Any CPU
	EndGlobalSection
	GlobalSection(ProjectConfigurationPlatforms) = postSolution
		{AB23566F-7553-4F2D-9101-82C32FFC050F}.Debug|Any CPU.ActiveCfg = Debug|Any CPU
		{AB23566F-7553-4F2D-9101-82C32FFC050F}.Debug|Any CPU.Build.0 = Debug|Any CPU
		{AB23566F-7553-4F2D-9101-82C32FFC050F}.Release|Any CPU.ActiveCfg = Release|Any CPU
		{AB23566F-7553-4F2D-9101-82C32FFC050F}.Release|Any CPU.Build.0 = Release|Any CPU
		{683CF41B-262B-4EF3-81C3-EF879BDF423A}.Debug|Any CPU.ActiveCfg = Debug|Any CPU
		{683CF41B-262B-4EF3-81C3-EF879BDF423A}.Debug|Any CPU.Build.0 = Debug|Any CPU
		{683CF41B-262B-4EF3-81C3-EF879BDF423A}.Release|Any CPU.ActiveCfg = Release|Any CPU
		{683CF41B-262B-4EF3-81C3-EF879BDF423A}.Release|Any CPU.Build.0 = Release|Any CPU
	EndGlobalSection
	GlobalSection(SolutionProperties) = preSolution
		HideSolutionNode = FALSE
	EndGlobalSection
	GlobalSection(ExtensibilityGlobals) = postSolution
		SolutionGuid = {E8BBD963-B449-44B0-B628-358E0078886B}
	EndGlobalSection
EndGlobal
